// !$*UTF8*$!
{
	archiveVersion = 1;
	classes = {
	};
	objectVersion = 51;
	objects = {

/* Begin PBXBuildFile section */
		1C4B66642532B10F0081F06C /* main.cpp in Sources */ = {isa = PBXBuildFile; fileRef = 1C4B66632532B10F0081F06C /* main.cpp */; };
		1C504F1A2582118D00008FAD /* libassimp.5.dylib in Frameworks */ = {isa = PBXBuildFile; fileRef = 1C504F162582118D00008FAD /* libassimp.5.dylib */; };
		1C504F1B2582118D00008FAD /* libassimp.5.0.0.dylib in Frameworks */ = {isa = PBXBuildFile; fileRef = 1C504F172582118D00008FAD /* libassimp.5.0.0.dylib */; };
		1C504F1C2582118D00008FAD /* libassimp.dylib in Frameworks */ = {isa = PBXBuildFile; fileRef = 1C504F182582118D00008FAD /* libassimp.dylib */; };
		1C504F1D2582118D00008FAD /* libIrrXML.dylib in Frameworks */ = {isa = PBXBuildFile; fileRef = 1C504F192582118D00008FAD /* libIrrXML.dylib */; };
		1C504F21258215BE00008FAD /* Mesh.cpp in Sources */ = {isa = PBXBuildFile; fileRef = 1C504F1F258215BE00008FAD /* Mesh.cpp */; };
		1C504F252582212100008FAD /* Model.cpp in Sources */ = {isa = PBXBuildFile; fileRef = 1C504F232582212100008FAD /* Model.cpp */; };
		1C6893442595C3C60099D7F5 /* libfreetype.6.dylib in Frameworks */ = {isa = PBXBuildFile; fileRef = 1C6893432595C3C60099D7F5 /* libfreetype.6.dylib */; };
		1C68934A2595C5600099D7F5 /* Label.cpp in Sources */ = {isa = PBXBuildFile; fileRef = 1C6893482595C5600099D7F5 /* Label.cpp */; };
		1CE88E4C25344E74005CC41B /* libglfw.3.dylib in Frameworks */ = {isa = PBXBuildFile; fileRef = 1CE88E4425344647005CC41B /* libglfw.3.dylib */; };
		1CE88E59253473AC005CC41B /* glad.c in Sources */ = {isa = PBXBuildFile; fileRef = 1CE88E58253473AC005CC41B /* glad.c */; };
		1CE88EA7253827B4005CC41B /* stb_image.cpp in Sources */ = {isa = PBXBuildFile; fileRef = 1CE88EA5253827B4005CC41B /* stb_image.cpp */; };
/* End PBXBuildFile section */

/* Begin PBXCopyFilesBuildPhase section */
		1C4B665E2532B10F0081F06C /* CopyFiles */ = {
			isa = PBXCopyFilesBuildPhase;
			buildActionMask = 2147483647;
			dstPath = /usr/share/man/man1/;
			dstSubfolderSpec = 0;
			files = (
			);
			runOnlyForDeploymentPostprocessing = 1;
		};
/* End PBXCopyFilesBuildPhase section */

/* Begin PBXFileReference section */
		1C4B66602532B10F0081F06C /* dodos */ = {isa = PBXFileReference; explicitFileType = "compiled.mach-o.executable"; includeInIndex = 0; path = dodos; sourceTree = BUILT_PRODUCTS_DIR; };
		1C4B66632532B10F0081F06C /* main.cpp */ = {isa = PBXFileReference; lastKnownFileType = sourcecode.cpp.cpp; path = main.cpp; sourceTree = "<group>"; };
		1C504EC1258210ED00008FAD /* ByteSwapper.h */ = {isa = PBXFileReference; fileEncoding = 4; lastKnownFileType = sourcecode.c.h; path = ByteSwapper.h; sourceTree = "<group>"; };
		1C504EC2258210ED00008FAD /* IOSystem.hpp */ = {isa = PBXFileReference; fileEncoding = 4; lastKnownFileType = sourcecode.cpp.h; path = IOSystem.hpp; sourceTree = "<group>"; };
		1C504EC3258210ED00008FAD /* StreamReader.h */ = {isa = PBXFileReference; fileEncoding = 4; lastKnownFileType = sourcecode.c.h; path = StreamReader.h; sourceTree = "<group>"; };
		1C504EC4258210ED00008FAD /* Logger.hpp */ = {isa = PBXFileReference; fileEncoding = 4; lastKnownFileType = sourcecode.cpp.h; path = Logger.hpp; sourceTree = "<group>"; };
		1C504EC5258210ED00008FAD /* IOStream.hpp */ = {isa = PBXFileReference; fileEncoding = 4; lastKnownFileType = sourcecode.cpp.h; path = IOStream.hpp; sourceTree = "<group>"; };
		1C504EC6258210ED00008FAD /* SkeletonMeshBuilder.h */ = {isa = PBXFileReference; fileEncoding = 4; lastKnownFileType = sourcecode.c.h; path = SkeletonMeshBuilder.h; sourceTree = "<group>"; };
		1C504EC7258210ED00008FAD /* Vertex.h */ = {isa = PBXFileReference; fileEncoding = 4; lastKnownFileType = sourcecode.c.h; path = Vertex.h; sourceTree = "<group>"; };
		1C504EC8258210ED00008FAD /* quaternion.inl */ = {isa = PBXFileReference; fileEncoding = 4; lastKnownFileType = text; path = quaternion.inl; sourceTree = "<group>"; };
		1C504EC9258210ED00008FAD /* defs.h */ = {isa = PBXFileReference; fileEncoding = 4; lastKnownFileType = sourcecode.c.h; path = defs.h; sourceTree = "<group>"; };
		1C504ECA258210ED00008FAD /* Subdivision.h */ = {isa = PBXFileReference; fileEncoding = 4; lastKnownFileType = sourcecode.c.h; path = Subdivision.h; sourceTree = "<group>"; };
		1C504ECB258210ED00008FAD /* ParsingUtils.h */ = {isa = PBXFileReference; fileEncoding = 4; lastKnownFileType = sourcecode.c.h; path = ParsingUtils.h; sourceTree = "<group>"; };
		1C504ECC258210ED00008FAD /* version.h */ = {isa = PBXFileReference; fileEncoding = 4; lastKnownFileType = sourcecode.c.h; path = version.h; sourceTree = "<group>"; };
		1C504ECD258210ED00008FAD /* XMLTools.h */ = {isa = PBXFileReference; fileEncoding = 4; lastKnownFileType = sourcecode.c.h; path = XMLTools.h; sourceTree = "<group>"; };
		1C504ECE258210ED00008FAD /* StringComparison.h */ = {isa = PBXFileReference; fileEncoding = 4; lastKnownFileType = sourcecode.c.h; path = StringComparison.h; sourceTree = "<group>"; };
		1C504ECF258210ED00008FAD /* matrix4x4.h */ = {isa = PBXFileReference; fileEncoding = 4; lastKnownFileType = sourcecode.c.h; path = matrix4x4.h; sourceTree = "<group>"; };
		1C504ED0258210ED00008FAD /* Importer.hpp */ = {isa = PBXFileReference; fileEncoding = 4; lastKnownFileType = sourcecode.cpp.h; path = Importer.hpp; sourceTree = "<group>"; };
		1C504ED1258210ED00008FAD /* cfileio.h */ = {isa = PBXFileReference; fileEncoding = 4; lastKnownFileType = sourcecode.c.h; path = cfileio.h; sourceTree = "<group>"; };
		1C504ED2258210ED00008FAD /* GenericProperty.h */ = {isa = PBXFileReference; fileEncoding = 4; lastKnownFileType = sourcecode.c.h; path = GenericProperty.h; sourceTree = "<group>"; };
		1C504ED3258210ED00008FAD /* RemoveComments.h */ = {isa = PBXFileReference; fileEncoding = 4; lastKnownFileType = sourcecode.c.h; path = RemoveComments.h; sourceTree = "<group>"; };
		1C504ED4258210ED00008FAD /* vector2.h */ = {isa = PBXFileReference; fileEncoding = 4; lastKnownFileType = sourcecode.c.h; path = vector2.h; sourceTree = "<group>"; };
		1C504ED5258210ED00008FAD /* config.h */ = {isa = PBXFileReference; fileEncoding = 4; lastKnownFileType = sourcecode.c.h; path = config.h; sourceTree = "<group>"; };
		1C504ED6258210ED00008FAD /* light.h */ = {isa = PBXFileReference; fileEncoding = 4; lastKnownFileType = sourcecode.c.h; path = light.h; sourceTree = "<group>"; };
		1C504ED7258210ED00008FAD /* types.h */ = {isa = PBXFileReference; fileEncoding = 4; lastKnownFileType = sourcecode.c.h; path = types.h; sourceTree = "<group>"; };
		1C504ED8258210ED00008FAD /* irrXMLWrapper.h */ = {isa = PBXFileReference; fileEncoding = 4; lastKnownFileType = sourcecode.c.h; path = irrXMLWrapper.h; sourceTree = "<group>"; };
		1C504ED9258210ED00008FAD /* MathFunctions.h */ = {isa = PBXFileReference; fileEncoding = 4; lastKnownFileType = sourcecode.c.h; path = MathFunctions.h; sourceTree = "<group>"; };
		1C504EDA258210ED00008FAD /* cimport.h */ = {isa = PBXFileReference; fileEncoding = 4; lastKnownFileType = sourcecode.c.h; path = cimport.h; sourceTree = "<group>"; };
		1C504EDB258210ED00008FAD /* camera.h */ = {isa = PBXFileReference; fileEncoding = 4; lastKnownFileType = sourcecode.c.h; path = camera.h; sourceTree = "<group>"; };
		1C504EDC258210ED00008FAD /* matrix3x3.h */ = {isa = PBXFileReference; fileEncoding = 4; lastKnownFileType = sourcecode.c.h; path = matrix3x3.h; sourceTree = "<group>"; };
		1C504EDD258210ED00008FAD /* color4.inl */ = {isa = PBXFileReference; fileEncoding = 4; lastKnownFileType = text; path = color4.inl; sourceTree = "<group>"; };
		1C504EDE258210ED00008FAD /* StringUtils.h */ = {isa = PBXFileReference; fileEncoding = 4; lastKnownFileType = sourcecode.c.h; path = StringUtils.h; sourceTree = "<group>"; };
		1C504EDF258210ED00008FAD /* DefaultIOStream.h */ = {isa = PBXFileReference; fileEncoding = 4; lastKnownFileType = sourcecode.c.h; path = DefaultIOStream.h; sourceTree = "<group>"; };
		1C504EE0258210ED00008FAD /* BaseImporter.h */ = {isa = PBXFileReference; fileEncoding = 4; lastKnownFileType = sourcecode.c.h; path = BaseImporter.h; sourceTree = "<group>"; };
		1C504EE1258210ED00008FAD /* SceneCombiner.h */ = {isa = PBXFileReference; fileEncoding = 4; lastKnownFileType = sourcecode.c.h; path = SceneCombiner.h; sourceTree = "<group>"; };
		1C504EE2258210ED00008FAD /* material.h */ = {isa = PBXFileReference; fileEncoding = 4; lastKnownFileType = sourcecode.c.h; path = material.h; sourceTree = "<group>"; };
		1C504EE3258210ED00008FAD /* ai_assert.h */ = {isa = PBXFileReference; fileEncoding = 4; lastKnownFileType = sourcecode.c.h; path = ai_assert.h; sourceTree = "<group>"; };
		1C504EE4258210ED00008FAD /* NullLogger.hpp */ = {isa = PBXFileReference; fileEncoding = 4; lastKnownFileType = sourcecode.cpp.h; path = NullLogger.hpp; sourceTree = "<group>"; };
		1C504EE5258210ED00008FAD /* SmoothingGroups.h */ = {isa = PBXFileReference; fileEncoding = 4; lastKnownFileType = sourcecode.c.h; path = SmoothingGroups.h; sourceTree = "<group>"; };
		1C504EE6258210ED00008FAD /* quaternion.h */ = {isa = PBXFileReference; fileEncoding = 4; lastKnownFileType = sourcecode.c.h; path = quaternion.h; sourceTree = "<group>"; };
		1C504EE7258210ED00008FAD /* LogAux.h */ = {isa = PBXFileReference; fileEncoding = 4; lastKnownFileType = sourcecode.c.h; path = LogAux.h; sourceTree = "<group>"; };
		1C504EE8258210ED00008FAD /* DefaultLogger.hpp */ = {isa = PBXFileReference; fileEncoding = 4; lastKnownFileType = sourcecode.cpp.h; path = DefaultLogger.hpp; sourceTree = "<group>"; };
		1C504EE9258210ED00008FAD /* material.inl */ = {isa = PBXFileReference; fileEncoding = 4; lastKnownFileType = text; path = material.inl; sourceTree = "<group>"; };
		1C504EEA258210ED00008FAD /* metadata.h */ = {isa = PBXFileReference; fileEncoding = 4; lastKnownFileType = sourcecode.c.h; path = metadata.h; sourceTree = "<group>"; };
		1C504EEB258210ED00008FAD /* mesh.h */ = {isa = PBXFileReference; fileEncoding = 4; lastKnownFileType = sourcecode.c.h; path = mesh.h; sourceTree = "<group>"; };
		1C504EEC258210ED00008FAD /* LineSplitter.h */ = {isa = PBXFileReference; fileEncoding = 4; lastKnownFileType = sourcecode.c.h; path = LineSplitter.h; sourceTree = "<group>"; };
		1C504EED258210ED00008FAD /* CreateAnimMesh.h */ = {isa = PBXFileReference; fileEncoding = 4; lastKnownFileType = sourcecode.c.h; path = CreateAnimMesh.h; sourceTree = "<group>"; };
		1C504EEE258210ED00008FAD /* Defines.h */ = {isa = PBXFileReference; fileEncoding = 4; lastKnownFileType = sourcecode.c.h; path = Defines.h; sourceTree = "<group>"; };
		1C504EEF258210ED00008FAD /* SpatialSort.h */ = {isa = PBXFileReference; fileEncoding = 4; lastKnownFileType = sourcecode.c.h; path = SpatialSort.h; sourceTree = "<group>"; };
		1C504EF0258210ED00008FAD /* MemoryIOWrapper.h */ = {isa = PBXFileReference; fileEncoding = 4; lastKnownFileType = sourcecode.c.h; path = MemoryIOWrapper.h; sourceTree = "<group>"; };
		1C504EF1258210ED00008FAD /* Exporter.hpp */ = {isa = PBXFileReference; fileEncoding = 4; lastKnownFileType = sourcecode.cpp.h; path = Exporter.hpp; sourceTree = "<group>"; };
		1C504EF2258210ED00008FAD /* vector2.inl */ = {isa = PBXFileReference; fileEncoding = 4; lastKnownFileType = text; path = vector2.inl; sourceTree = "<group>"; };
		1C504EF3258210ED00008FAD /* matrix4x4.inl */ = {isa = PBXFileReference; fileEncoding = 4; lastKnownFileType = text; path = matrix4x4.inl; sourceTree = "<group>"; };
		1C504EF4258210ED00008FAD /* vector3.inl */ = {isa = PBXFileReference; fileEncoding = 4; lastKnownFileType = text; path = vector3.inl; sourceTree = "<group>"; };
		1C504EF5258210ED00008FAD /* Macros.h */ = {isa = PBXFileReference; fileEncoding = 4; lastKnownFileType = sourcecode.c.h; path = Macros.h; sourceTree = "<group>"; };
		1C504EF6258210ED00008FAD /* ProgressHandler.hpp */ = {isa = PBXFileReference; fileEncoding = 4; lastKnownFileType = sourcecode.cpp.h; path = ProgressHandler.hpp; sourceTree = "<group>"; };
		1C504EF7258210ED00008FAD /* cexport.h */ = {isa = PBXFileReference; fileEncoding = 4; lastKnownFileType = sourcecode.c.h; path = cexport.h; sourceTree = "<group>"; };
		1C504EF8258210ED00008FAD /* StreamWriter.h */ = {isa = PBXFileReference; fileEncoding = 4; lastKnownFileType = sourcecode.c.h; path = StreamWriter.h; sourceTree = "<group>"; };
		1C504EF9258210EE00008FAD /* color4.h */ = {isa = PBXFileReference; fileEncoding = 4; lastKnownFileType = sourcecode.c.h; path = color4.h; sourceTree = "<group>"; };
		1C504EFA258210EE00008FAD /* StandardShapes.h */ = {isa = PBXFileReference; fileEncoding = 4; lastKnownFileType = sourcecode.c.h; path = StandardShapes.h; sourceTree = "<group>"; };
		1C504EFB258210EE00008FAD /* pbrmaterial.h */ = {isa = PBXFileReference; fileEncoding = 4; lastKnownFileType = sourcecode.c.h; path = pbrmaterial.h; sourceTree = "<group>"; };
		1C504EFC258210EE00008FAD /* fast_atof.h */ = {isa = PBXFileReference; fileEncoding = 4; lastKnownFileType = sourcecode.c.h; path = fast_atof.h; sourceTree = "<group>"; };
		1C504EFD258210EE00008FAD /* anim.h */ = {isa = PBXFileReference; fileEncoding = 4; lastKnownFileType = sourcecode.c.h; path = anim.h; sourceTree = "<group>"; };
		1C504EFE258210EE00008FAD /* postprocess.h */ = {isa = PBXFileReference; fileEncoding = 4; lastKnownFileType = sourcecode.c.h; path = postprocess.h; sourceTree = "<group>"; };
		1C504EFF258210EE00008FAD /* Exceptional.h */ = {isa = PBXFileReference; fileEncoding = 4; lastKnownFileType = sourcecode.c.h; path = Exceptional.h; sourceTree = "<group>"; };
		1C504F00258210EE00008FAD /* texture.h */ = {isa = PBXFileReference; fileEncoding = 4; lastKnownFileType = sourcecode.c.h; path = texture.h; sourceTree = "<group>"; };
		1C504F01258210EE00008FAD /* ZipArchiveIOSystem.h */ = {isa = PBXFileReference; fileEncoding = 4; lastKnownFileType = sourcecode.c.h; path = ZipArchiveIOSystem.h; sourceTree = "<group>"; };
		1C504F02258210EE00008FAD /* BlobIOSystem.h */ = {isa = PBXFileReference; fileEncoding = 4; lastKnownFileType = sourcecode.c.h; path = BlobIOSystem.h; sourceTree = "<group>"; };
		1C504F03258210EE00008FAD /* matrix3x3.inl */ = {isa = PBXFileReference; fileEncoding = 4; lastKnownFileType = text; path = matrix3x3.inl; sourceTree = "<group>"; };
		1C504F04258210EE00008FAD /* qnan.h */ = {isa = PBXFileReference; fileEncoding = 4; lastKnownFileType = sourcecode.c.h; path = qnan.h; sourceTree = "<group>"; };
		1C504F05258210EE00008FAD /* Profiler.h */ = {isa = PBXFileReference; fileEncoding = 4; lastKnownFileType = sourcecode.c.h; path = Profiler.h; sourceTree = "<group>"; };
		1C504F06258210EE00008FAD /* Bitmap.h */ = {isa = PBXFileReference; fileEncoding = 4; lastKnownFileType = sourcecode.c.h; path = Bitmap.h; sourceTree = "<group>"; };
		1C504F07258210EE00008FAD /* importerdesc.h */ = {isa = PBXFileReference; fileEncoding = 4; lastKnownFileType = sourcecode.c.h; path = importerdesc.h; sourceTree = "<group>"; };
		1C504F08258210EE00008FAD /* TinyFormatter.h */ = {isa = PBXFileReference; fileEncoding = 4; lastKnownFileType = sourcecode.c.h; path = TinyFormatter.h; sourceTree = "<group>"; };
		1C504F0A258210EE00008FAD /* poppack1.h */ = {isa = PBXFileReference; fileEncoding = 4; lastKnownFileType = sourcecode.c.h; path = poppack1.h; sourceTree = "<group>"; };
		1C504F0B258210EE00008FAD /* pstdint.h */ = {isa = PBXFileReference; fileEncoding = 4; lastKnownFileType = sourcecode.c.h; path = pstdint.h; sourceTree = "<group>"; };
		1C504F0C258210EE00008FAD /* pushpack1.h */ = {isa = PBXFileReference; fileEncoding = 4; lastKnownFileType = sourcecode.c.h; path = pushpack1.h; sourceTree = "<group>"; };
		1C504F0D258210EE00008FAD /* IOStreamBuffer.h */ = {isa = PBXFileReference; fileEncoding = 4; lastKnownFileType = sourcecode.c.h; path = IOStreamBuffer.h; sourceTree = "<group>"; };
		1C504F0E258210EE00008FAD /* Hash.h */ = {isa = PBXFileReference; fileEncoding = 4; lastKnownFileType = sourcecode.c.h; path = Hash.h; sourceTree = "<group>"; };
		1C504F0F258210EE00008FAD /* SGSpatialSort.h */ = {isa = PBXFileReference; fileEncoding = 4; lastKnownFileType = sourcecode.c.h; path = SGSpatialSort.h; sourceTree = "<group>"; };
		1C504F10258210EE00008FAD /* aabb.h */ = {isa = PBXFileReference; fileEncoding = 4; lastKnownFileType = sourcecode.c.h; path = aabb.h; sourceTree = "<group>"; };
		1C504F11258210EE00008FAD /* SmoothingGroups.inl */ = {isa = PBXFileReference; fileEncoding = 4; lastKnownFileType = text; path = SmoothingGroups.inl; sourceTree = "<group>"; };
		1C504F12258210EE00008FAD /* vector3.h */ = {isa = PBXFileReference; fileEncoding = 4; lastKnownFileType = sourcecode.c.h; path = vector3.h; sourceTree = "<group>"; };
		1C504F13258210EE00008FAD /* DefaultIOSystem.h */ = {isa = PBXFileReference; fileEncoding = 4; lastKnownFileType = sourcecode.c.h; path = DefaultIOSystem.h; sourceTree = "<group>"; };
		1C504F14258210EE00008FAD /* scene.h */ = {isa = PBXFileReference; fileEncoding = 4; lastKnownFileType = sourcecode.c.h; path = scene.h; sourceTree = "<group>"; };
		1C504F15258210EE00008FAD /* LogStream.hpp */ = {isa = PBXFileReference; fileEncoding = 4; lastKnownFileType = sourcecode.cpp.h; path = LogStream.hpp; sourceTree = "<group>"; };
		1C504F162582118D00008FAD /* libassimp.5.dylib */ = {isa = PBXFileReference; lastKnownFileType = "compiled.mach-o.dylib"; path = libassimp.5.dylib; sourceTree = "<group>"; };
		1C504F172582118D00008FAD /* libassimp.5.0.0.dylib */ = {isa = PBXFileReference; lastKnownFileType = "compiled.mach-o.dylib"; path = libassimp.5.0.0.dylib; sourceTree = "<group>"; };
		1C504F182582118D00008FAD /* libassimp.dylib */ = {isa = PBXFileReference; lastKnownFileType = "compiled.mach-o.dylib"; path = libassimp.dylib; sourceTree = "<group>"; };
		1C504F192582118D00008FAD /* libIrrXML.dylib */ = {isa = PBXFileReference; lastKnownFileType = "compiled.mach-o.dylib"; path = libIrrXML.dylib; sourceTree = "<group>"; };
		1C504F1F258215BE00008FAD /* Mesh.cpp */ = {isa = PBXFileReference; lastKnownFileType = sourcecode.cpp.cpp; path = Mesh.cpp; sourceTree = "<group>"; };
		1C504F20258215BE00008FAD /* Mesh.hpp */ = {isa = PBXFileReference; lastKnownFileType = sourcecode.cpp.h; path = Mesh.hpp; sourceTree = "<group>"; };
		1C504F232582212100008FAD /* Model.cpp */ = {isa = PBXFileReference; lastKnownFileType = sourcecode.cpp.cpp; path = Model.cpp; sourceTree = "<group>"; };
		1C504F242582212100008FAD /* Model.hpp */ = {isa = PBXFileReference; lastKnownFileType = sourcecode.cpp.h; path = Model.hpp; sourceTree = "<group>"; };
		1C504F272582269400008FAD /* body_showroom_ddn.png */ = {isa = PBXFileReference; lastKnownFileType = image.png; path = body_showroom_ddn.png; sourceTree = "<group>"; };
		1C504F282582269400008FAD /* helmet_showroom_ddn.png */ = {isa = PBXFileReference; lastKnownFileType = image.png; path = helmet_showroom_ddn.png; sourceTree = "<group>"; };
		1C504F292582269400008FAD /* arm_showroom_ddn.png */ = {isa = PBXFileReference; lastKnownFileType = image.png; path = arm_showroom_ddn.png; sourceTree = "<group>"; };
		1C504F2A2582269400008FAD /* arm_showroom_spec.png */ = {isa = PBXFileReference; lastKnownFileType = image.png; path = arm_showroom_spec.png; sourceTree = "<group>"; };
		1C504F2B2582269400008FAD /* leg_dif.png */ = {isa = PBXFileReference; lastKnownFileType = image.png; path = leg_dif.png; sourceTree = "<group>"; };
		1C504F2C2582269400008FAD /* hand_showroom_spec.png */ = {isa = PBXFileReference; lastKnownFileType = image.png; path = hand_showroom_spec.png; sourceTree = "<group>"; };
		1C504F2D2582269400008FAD /* glass_ddn.png */ = {isa = PBXFileReference; lastKnownFileType = image.png; path = glass_ddn.png; sourceTree = "<group>"; };
		1C504F2E2582269400008FAD /* nanosuit.mtl */ = {isa = PBXFileReference; lastKnownFileType = text; path = nanosuit.mtl; sourceTree = "<group>"; };
		1C504F2F2582269400008FAD /* body_dif.png */ = {isa = PBXFileReference; lastKnownFileType = image.png; path = body_dif.png; sourceTree = "<group>"; };
		1C504F302582269400008FAD /* hand_showroom_ddn.png */ = {isa = PBXFileReference; lastKnownFileType = image.png; path = hand_showroom_ddn.png; sourceTree = "<group>"; };
		1C504F312582269400008FAD /* glass_dif.png */ = {isa = PBXFileReference; lastKnownFileType = image.png; path = glass_dif.png; sourceTree = "<group>"; };
		1C504F322582269400008FAD /* arm_dif.png */ = {isa = PBXFileReference; lastKnownFileType = image.png; path = arm_dif.png; sourceTree = "<group>"; };
		1C504F332582269400008FAD /* nanosuit.blend */ = {isa = PBXFileReference; lastKnownFileType = file; path = nanosuit.blend; sourceTree = "<group>"; };
		1C504F342582269400008FAD /* helmet_diff.png */ = {isa = PBXFileReference; lastKnownFileType = image.png; path = helmet_diff.png; sourceTree = "<group>"; };
		1C504F352582269400008FAD /* nanosuit.obj */ = {isa = PBXFileReference; lastKnownFileType = text; path = nanosuit.obj; sourceTree = "<group>"; };
		1C504F362582269400008FAD /* leg_showroom_ddn.png */ = {isa = PBXFileReference; lastKnownFileType = image.png; path = leg_showroom_ddn.png; sourceTree = "<group>"; };
		1C504F372582269400008FAD /* LICENSE.txt */ = {isa = PBXFileReference; lastKnownFileType = text; path = LICENSE.txt; sourceTree = "<group>"; };
		1C504F382582269400008FAD /* helmet_showroom_spec.png */ = {isa = PBXFileReference; lastKnownFileType = image.png; path = helmet_showroom_spec.png; sourceTree = "<group>"; };
		1C504F392582269400008FAD /* leg_showroom_spec.png */ = {isa = PBXFileReference; lastKnownFileType = image.png; path = leg_showroom_spec.png; sourceTree = "<group>"; };
		1C504F3A2582269400008FAD /* body_showroom_spec.png */ = {isa = PBXFileReference; lastKnownFileType = image.png; path = body_showroom_spec.png; sourceTree = "<group>"; };
		1C504F3B2582269400008FAD /* hand_dif.png */ = {isa = PBXFileReference; lastKnownFileType = image.png; path = hand_dif.png; sourceTree = "<group>"; };
		1C504F3D2583459B00008FAD /* diablo3_pose_glow.tga */ = {isa = PBXFileReference; lastKnownFileType = file; path = diablo3_pose_glow.tga; sourceTree = "<group>"; };
		1C504F3E258345B100008FAD /* diablo3_pose_nm.tga */ = {isa = PBXFileReference; lastKnownFileType = file; path = diablo3_pose_nm.tga; sourceTree = "<group>"; };
		1C504F3F258345B200008FAD /* diablo3_pose_nm_tangent.tga */ = {isa = PBXFileReference; lastKnownFileType = file; path = diablo3_pose_nm_tangent.tga; sourceTree = "<group>"; };
		1C504F40258345B200008FAD /* diablo3_pose_spec.tga */ = {isa = PBXFileReference; lastKnownFileType = file; path = diablo3_pose_spec.tga; sourceTree = "<group>"; };
		1C68930925958AEA0099D7F5 /* floor.jpg */ = {isa = PBXFileReference; lastKnownFileType = image.jpeg; path = floor.jpg; sourceTree = "<group>"; };
		1C68930B25958C330099D7F5 /* planeShader.vert */ = {isa = PBXFileReference; lastKnownFileType = sourcecode.glsl; path = planeShader.vert; sourceTree = "<group>"; };
		1C68930C25958C340099D7F5 /* planeShader.frag */ = {isa = PBXFileReference; lastKnownFileType = sourcecode.glsl; path = planeShader.frag; sourceTree = "<group>"; };
		1C6893102595C3A00099D7F5 /* ftsnames.h */ = {isa = PBXFileReference; lastKnownFileType = sourcecode.c.h; path = ftsnames.h; sourceTree = "<group>"; };
		1C6893112595C3A00099D7F5 /* ftwinfnt.h */ = {isa = PBXFileReference; lastKnownFileType = sourcecode.c.h; path = ftwinfnt.h; sourceTree = "<group>"; };
		1C6893122595C3A00099D7F5 /* ftsizes.h */ = {isa = PBXFileReference; lastKnownFileType = sourcecode.c.h; path = ftsizes.h; sourceTree = "<group>"; };
		1C6893132595C3A00099D7F5 /* fttypes.h */ = {isa = PBXFileReference; lastKnownFileType = sourcecode.c.h; path = fttypes.h; sourceTree = "<group>"; };
		1C6893142595C3A00099D7F5 /* ftparams.h */ = {isa = PBXFileReference; lastKnownFileType = sourcecode.c.h; path = ftparams.h; sourceTree = "<group>"; };
		1C6893152595C3A00099D7F5 /* ftmm.h */ = {isa = PBXFileReference; lastKnownFileType = sourcecode.c.h; path = ftmm.h; sourceTree = "<group>"; };
		1C6893172595C3A00099D7F5 /* ftstdlib.h */ = {isa = PBXFileReference; lastKnownFileType = sourcecode.c.h; path = ftstdlib.h; sourceTree = "<group>"; };
		1C6893182595C3A00099D7F5 /* ftheader.h */ = {isa = PBXFileReference; lastKnownFileType = sourcecode.c.h; path = ftheader.h; sourceTree = "<group>"; };
		1C6893192595C3A00099D7F5 /* ftconfig.h */ = {isa = PBXFileReference; lastKnownFileType = sourcecode.c.h; path = ftconfig.h; sourceTree = "<group>"; };
		1C68931A2595C3A00099D7F5 /* ftoption.h */ = {isa = PBXFileReference; lastKnownFileType = sourcecode.c.h; path = ftoption.h; sourceTree = "<group>"; };
		1C68931B2595C3A00099D7F5 /* ftmodule.h */ = {isa = PBXFileReference; lastKnownFileType = sourcecode.c.h; path = ftmodule.h; sourceTree = "<group>"; };
		1C68931C2595C3A00099D7F5 /* ftcolor.h */ = {isa = PBXFileReference; lastKnownFileType = sourcecode.c.h; path = ftcolor.h; sourceTree = "<group>"; };
		1C68931D2595C3A00099D7F5 /* ftmodapi.h */ = {isa = PBXFileReference; lastKnownFileType = sourcecode.c.h; path = ftmodapi.h; sourceTree = "<group>"; };
		1C68931E2595C3A00099D7F5 /* ftbzip2.h */ = {isa = PBXFileReference; lastKnownFileType = sourcecode.c.h; path = ftbzip2.h; sourceTree = "<group>"; };
		1C68931F2595C3A00099D7F5 /* fttrigon.h */ = {isa = PBXFileReference; lastKnownFileType = sourcecode.c.h; path = fttrigon.h; sourceTree = "<group>"; };
		1C6893202595C3A00099D7F5 /* ftbbox.h */ = {isa = PBXFileReference; lastKnownFileType = sourcecode.c.h; path = ftbbox.h; sourceTree = "<group>"; };
		1C6893212595C3A00099D7F5 /* ftgzip.h */ = {isa = PBXFileReference; lastKnownFileType = sourcecode.c.h; path = ftgzip.h; sourceTree = "<group>"; };
		1C6893222595C3A00099D7F5 /* ftdriver.h */ = {isa = PBXFileReference; lastKnownFileType = sourcecode.c.h; path = ftdriver.h; sourceTree = "<group>"; };
		1C6893232595C3A00099D7F5 /* ftoutln.h */ = {isa = PBXFileReference; lastKnownFileType = sourcecode.c.h; path = ftoutln.h; sourceTree = "<group>"; };
		1C6893242595C3A00099D7F5 /* ftadvanc.h */ = {isa = PBXFileReference; lastKnownFileType = sourcecode.c.h; path = ftadvanc.h; sourceTree = "<group>"; };
		1C6893252595C3A00099D7F5 /* ftsynth.h */ = {isa = PBXFileReference; lastKnownFileType = sourcecode.c.h; path = ftsynth.h; sourceTree = "<group>"; };
		1C6893262595C3A00099D7F5 /* fterrors.h */ = {isa = PBXFileReference; lastKnownFileType = sourcecode.c.h; path = fterrors.h; sourceTree = "<group>"; };
		1C6893272595C3A00099D7F5 /* ftgasp.h */ = {isa = PBXFileReference; lastKnownFileType = sourcecode.c.h; path = ftgasp.h; sourceTree = "<group>"; };
		1C6893282595C3A00099D7F5 /* ftstroke.h */ = {isa = PBXFileReference; lastKnownFileType = sourcecode.c.h; path = ftstroke.h; sourceTree = "<group>"; };
		1C6893292595C3A00099D7F5 /* ftcache.h */ = {isa = PBXFileReference; lastKnownFileType = sourcecode.c.h; path = ftcache.h; sourceTree = "<group>"; };
		1C68932A2595C3A00099D7F5 /* ftotval.h */ = {isa = PBXFileReference; lastKnownFileType = sourcecode.c.h; path = ftotval.h; sourceTree = "<group>"; };
		1C68932B2595C3A00099D7F5 /* freetype.h */ = {isa = PBXFileReference; lastKnownFileType = sourcecode.c.h; path = freetype.h; sourceTree = "<group>"; };
		1C68932C2595C3A00099D7F5 /* ftincrem.h */ = {isa = PBXFileReference; lastKnownFileType = sourcecode.c.h; path = ftincrem.h; sourceTree = "<group>"; };
		1C68932D2595C3A00099D7F5 /* ftfntfmt.h */ = {isa = PBXFileReference; lastKnownFileType = sourcecode.c.h; path = ftfntfmt.h; sourceTree = "<group>"; };
		1C68932E2595C3A00099D7F5 /* fterrdef.h */ = {isa = PBXFileReference; lastKnownFileType = sourcecode.c.h; path = fterrdef.h; sourceTree = "<group>"; };
		1C68932F2595C3A00099D7F5 /* ttnameid.h */ = {isa = PBXFileReference; lastKnownFileType = sourcecode.c.h; path = ttnameid.h; sourceTree = "<group>"; };
		1C6893302595C3A00099D7F5 /* ftpfr.h */ = {isa = PBXFileReference; lastKnownFileType = sourcecode.c.h; path = ftpfr.h; sourceTree = "<group>"; };
		1C6893312595C3A00099D7F5 /* ftgxval.h */ = {isa = PBXFileReference; lastKnownFileType = sourcecode.c.h; path = ftgxval.h; sourceTree = "<group>"; };
		1C6893322595C3A00099D7F5 /* ftchapters.h */ = {isa = PBXFileReference; lastKnownFileType = sourcecode.c.h; path = ftchapters.h; sourceTree = "<group>"; };
		1C6893332595C3A00099D7F5 /* tttags.h */ = {isa = PBXFileReference; lastKnownFileType = sourcecode.c.h; path = tttags.h; sourceTree = "<group>"; };
		1C6893342595C3A00099D7F5 /* ftlzw.h */ = {isa = PBXFileReference; lastKnownFileType = sourcecode.c.h; path = ftlzw.h; sourceTree = "<group>"; };
		1C6893352595C3A00099D7F5 /* ftsystem.h */ = {isa = PBXFileReference; lastKnownFileType = sourcecode.c.h; path = ftsystem.h; sourceTree = "<group>"; };
		1C6893362595C3A00099D7F5 /* t1tables.h */ = {isa = PBXFileReference; lastKnownFileType = sourcecode.c.h; path = t1tables.h; sourceTree = "<group>"; };
		1C6893372595C3A00099D7F5 /* ftimage.h */ = {isa = PBXFileReference; lastKnownFileType = sourcecode.c.h; path = ftimage.h; sourceTree = "<group>"; };
		1C6893382595C3A10099D7F5 /* tttables.h */ = {isa = PBXFileReference; lastKnownFileType = sourcecode.c.h; path = tttables.h; sourceTree = "<group>"; };
		1C6893392595C3A10099D7F5 /* ftcid.h */ = {isa = PBXFileReference; lastKnownFileType = sourcecode.c.h; path = ftcid.h; sourceTree = "<group>"; };
		1C68933A2595C3A10099D7F5 /* ftglyph.h */ = {isa = PBXFileReference; lastKnownFileType = sourcecode.c.h; path = ftglyph.h; sourceTree = "<group>"; };
		1C68933B2595C3A10099D7F5 /* ftmoderr.h */ = {isa = PBXFileReference; lastKnownFileType = sourcecode.c.h; path = ftmoderr.h; sourceTree = "<group>"; };
		1C68933C2595C3A10099D7F5 /* ftbitmap.h */ = {isa = PBXFileReference; lastKnownFileType = sourcecode.c.h; path = ftbitmap.h; sourceTree = "<group>"; };
		1C68933D2595C3A10099D7F5 /* ftlist.h */ = {isa = PBXFileReference; lastKnownFileType = sourcecode.c.h; path = ftlist.h; sourceTree = "<group>"; };
		1C68933E2595C3A10099D7F5 /* ftmac.h */ = {isa = PBXFileReference; lastKnownFileType = sourcecode.c.h; path = ftmac.h; sourceTree = "<group>"; };
		1C68933F2595C3A10099D7F5 /* ftlcdfil.h */ = {isa = PBXFileReference; lastKnownFileType = sourcecode.c.h; path = ftlcdfil.h; sourceTree = "<group>"; };
		1C6893402595C3A10099D7F5 /* ftbdf.h */ = {isa = PBXFileReference; lastKnownFileType = sourcecode.c.h; path = ftbdf.h; sourceTree = "<group>"; };
		1C6893412595C3A10099D7F5 /* ftrender.h */ = {isa = PBXFileReference; lastKnownFileType = sourcecode.c.h; path = ftrender.h; sourceTree = "<group>"; };
		1C6893422595C3A10099D7F5 /* ft2build.h */ = {isa = PBXFileReference; lastKnownFileType = sourcecode.c.h; path = ft2build.h; sourceTree = "<group>"; };
		1C6893432595C3C60099D7F5 /* libfreetype.6.dylib */ = {isa = PBXFileReference; lastKnownFileType = "compiled.mach-o.dylib"; path = libfreetype.6.dylib; sourceTree = "<group>"; };
		1C6893482595C5600099D7F5 /* Label.cpp */ = {isa = PBXFileReference; lastKnownFileType = sourcecode.cpp.cpp; path = Label.cpp; sourceTree = "<group>"; };
		1C6893492595C5600099D7F5 /* Label.hpp */ = {isa = PBXFileReference; lastKnownFileType = sourcecode.cpp.h; path = Label.hpp; sourceTree = "<group>"; };
		1C68934D2595CCA30099D7F5 /* label.frag */ = {isa = PBXFileReference; lastKnownFileType = sourcecode.glsl; path = label.frag; sourceTree = "<group>"; };
		1C68934E2595CCA30099D7F5 /* label.vert */ = {isa = PBXFileReference; lastKnownFileType = sourcecode.glsl; path = label.vert; sourceTree = "<group>"; };
		1C6893502595D57F0099D7F5 /* arial.ttf */ = {isa = PBXFileReference; lastKnownFileType = file; path = arial.ttf; sourceTree = "<group>"; };
		1C8465A4258767B500563539 /* window.vert */ = {isa = PBXFileReference; lastKnownFileType = sourcecode.glsl; path = window.vert; sourceTree = "<group>"; };
		1C8465A5258767B500563539 /* window.frag */ = {isa = PBXFileReference; lastKnownFileType = sourcecode.glsl; path = window.frag; sourceTree = "<group>"; };
		1C8F446C2588DDAB00381DB1 /* right.jpg */ = {isa = PBXFileReference; lastKnownFileType = image.jpeg; path = right.jpg; sourceTree = "<group>"; };
		1C8F446D2588DDAB00381DB1 /* top.jpg */ = {isa = PBXFileReference; lastKnownFileType = image.jpeg; path = top.jpg; sourceTree = "<group>"; };
		1C8F446E2588DDAB00381DB1 /* bottom.jpg */ = {isa = PBXFileReference; lastKnownFileType = image.jpeg; path = bottom.jpg; sourceTree = "<group>"; };
		1C8F446F2588DDAB00381DB1 /* front.jpg */ = {isa = PBXFileReference; lastKnownFileType = image.jpeg; path = front.jpg; sourceTree = "<group>"; };
		1C8F44702588DDAB00381DB1 /* back.jpg */ = {isa = PBXFileReference; lastKnownFileType = image.jpeg; path = back.jpg; sourceTree = "<group>"; };
		1C8F44712588DDAC00381DB1 /* left.jpg */ = {isa = PBXFileReference; lastKnownFileType = image.jpeg; path = left.jpg; sourceTree = "<group>"; };
		1CA21E45257E50390054250D /* qiyana.jpeg */ = {isa = PBXFileReference; lastKnownFileType = image.jpeg; path = qiyana.jpeg; sourceTree = "<group>"; };
		1CA21E46257F27030054250D /* light.frag */ = {isa = PBXFileReference; lastKnownFileType = sourcecode.glsl; path = light.frag; sourceTree = "<group>"; };
		1CA21E47257F27030054250D /* light.vert */ = {isa = PBXFileReference; lastKnownFileType = sourcecode.glsl; path = light.vert; sourceTree = "<group>"; };
		1CE88E362534449E005CC41B /* libglfw.3.dylib */ = {isa = PBXFileReference; lastKnownFileType = "compiled.mach-o.dylib"; name = libglfw.3.dylib; path = "../../tempRes/未命名文件夹 3/glfw-3.3.2.bin.MACOS/lib-macos/libglfw.3.dylib"; sourceTree = "<group>"; };
		1CE88E4025344647005CC41B /* glfw3.h */ = {isa = PBXFileReference; lastKnownFileType = sourcecode.c.h; path = glfw3.h; sourceTree = "<group>"; };
		1CE88E4125344647005CC41B /* glfw3native.h */ = {isa = PBXFileReference; lastKnownFileType = sourcecode.c.h; path = glfw3native.h; sourceTree = "<group>"; };
		1CE88E4325344647005CC41B /* libglfw3.a */ = {isa = PBXFileReference; lastKnownFileType = archive.ar; path = libglfw3.a; sourceTree = "<group>"; };
		1CE88E4425344647005CC41B /* libglfw.3.dylib */ = {isa = PBXFileReference; lastKnownFileType = "compiled.mach-o.dylib"; path = libglfw.3.dylib; sourceTree = "<group>"; };
		1CE88E542534739F005CC41B /* glad.h */ = {isa = PBXFileReference; fileEncoding = 4; lastKnownFileType = sourcecode.c.h; path = glad.h; sourceTree = "<group>"; };
		1CE88E562534739F005CC41B /* khrplatform.h */ = {isa = PBXFileReference; fileEncoding = 4; lastKnownFileType = sourcecode.c.h; path = khrplatform.h; sourceTree = "<group>"; };
		1CE88E58253473AC005CC41B /* glad.c */ = {isa = PBXFileReference; fileEncoding = 4; lastKnownFileType = sourcecode.c.c; path = glad.c; sourceTree = "<group>"; };
		1CE88E5E2535D4AF005CC41B /* diablo3_pose.obj */ = {isa = PBXFileReference; lastKnownFileType = text; path = diablo3_pose.obj; sourceTree = "<group>"; };
		1CE88E9C25381D76005CC41B /* shader.hpp */ = {isa = PBXFileReference; fileEncoding = 4; lastKnownFileType = sourcecode.cpp.h; path = shader.hpp; sourceTree = "<group>"; };
		1CE88EA125381EAF005CC41B /* test.frag */ = {isa = PBXFileReference; fileEncoding = 4; lastKnownFileType = sourcecode.glsl; path = test.frag; sourceTree = "<group>"; };
		1CE88EA225381EAF005CC41B /* test.vert */ = {isa = PBXFileReference; fileEncoding = 4; lastKnownFileType = sourcecode.glsl; path = test.vert; sourceTree = "<group>"; };
		1CE88EA425382793005CC41B /* stb_image.h */ = {isa = PBXFileReference; lastKnownFileType = sourcecode.c.h; path = stb_image.h; sourceTree = "<group>"; };
		1CE88EA5253827B4005CC41B /* stb_image.cpp */ = {isa = PBXFileReference; lastKnownFileType = sourcecode.cpp.cpp; path = stb_image.cpp; sourceTree = "<group>"; };
		1CE88EA825382A87005CC41B /* grid.tga */ = {isa = PBXFileReference; lastKnownFileType = file; path = grid.tga; sourceTree = "<group>"; };
		1CE88EA925383DB0005CC41B /* diablo3_pose_diffuse.tga */ = {isa = PBXFileReference; lastKnownFileType = file; path = diablo3_pose_diffuse.tga; sourceTree = "<group>"; };
		1CE88EB3253851E1005CC41B /* sakura.obj */ = {isa = PBXFileReference; fileEncoding = 4; lastKnownFileType = text; path = sakura.obj; sourceTree = "<group>"; };
		1CE88EB425385357005CC41B /* meinumo.obj */ = {isa = PBXFileReference; fileEncoding = 4; lastKnownFileType = text; path = meinumo.obj; sourceTree = "<group>"; };
		1CF9A9BD258A04DA00705920 /* normalShow.frag */ = {isa = PBXFileReference; lastKnownFileType = sourcecode.glsl; path = normalShow.frag; sourceTree = "<group>"; };
		1CF9A9BE258A04DA00705920 /* normalShow.vert */ = {isa = PBXFileReference; lastKnownFileType = sourcecode.glsl; path = normalShow.vert; sourceTree = "<group>"; };
		1CF9A9BF258A04DA00705920 /* normalShow.gs */ = {isa = PBXFileReference; lastKnownFileType = sourcecode.glsl; path = normalShow.gs; sourceTree = "<group>"; };
/* End PBXFileReference section */

/* Begin PBXFrameworksBuildPhase section */
		1C4B665D2532B10F0081F06C /* Frameworks */ = {
			isa = PBXFrameworksBuildPhase;
			buildActionMask = 2147483647;
			files = (
				1C6893442595C3C60099D7F5 /* libfreetype.6.dylib in Frameworks */,
				1C504F1A2582118D00008FAD /* libassimp.5.dylib in Frameworks */,
				1C504F1C2582118D00008FAD /* libassimp.dylib in Frameworks */,
				1CE88E4C25344E74005CC41B /* libglfw.3.dylib in Frameworks */,
				1C504F1B2582118D00008FAD /* libassimp.5.0.0.dylib in Frameworks */,
				1C504F1D2582118D00008FAD /* libIrrXML.dylib in Frameworks */,
			);
			runOnlyForDeploymentPostprocessing = 0;
		};
/* End PBXFrameworksBuildPhase section */

/* Begin PBXGroup section */
		1C4B66552532B0710081F06C = {
			isa = PBXGroup;
			children = (
				1C4B66622532B10F0081F06C /* dodos */,
				1C4B66612532B10F0081F06C /* Products */,
				1CE88E352534449E005CC41B /* Frameworks */,
			);
			sourceTree = "<group>";
		};
		1C4B66612532B10F0081F06C /* Products */ = {
			isa = PBXGroup;
			children = (
				1C4B66602532B10F0081F06C /* dodos */,
			);
			name = Products;
			sourceTree = "<group>";
		};
		1C4B66622532B10F0081F06C /* dodos */ = {
			isa = PBXGroup;
			children = (
				1CE88EA325382775005CC41B /* stbImg */,
				1CE88EA025381EAF005CC41B /* shader */,
				1CE88E5D2535D49E005CC41B /* Resource */,
				1CE88E3E25344647005CC41B /* include */,
				1CE88E4225344647005CC41B /* lib-macos */,
				1C4B66632532B10F0081F06C /* main.cpp */,
			);
			path = dodos;
			sourceTree = "<group>";
		};
		1C504EC0258210ED00008FAD /* assimp */ = {
			isa = PBXGroup;
			children = (
				1C504EC1258210ED00008FAD /* ByteSwapper.h */,
				1C504EC2258210ED00008FAD /* IOSystem.hpp */,
				1C504EC3258210ED00008FAD /* StreamReader.h */,
				1C504EC4258210ED00008FAD /* Logger.hpp */,
				1C504EC5258210ED00008FAD /* IOStream.hpp */,
				1C504EC6258210ED00008FAD /* SkeletonMeshBuilder.h */,
				1C504EC7258210ED00008FAD /* Vertex.h */,
				1C504EC8258210ED00008FAD /* quaternion.inl */,
				1C504EC9258210ED00008FAD /* defs.h */,
				1C504ECA258210ED00008FAD /* Subdivision.h */,
				1C504ECB258210ED00008FAD /* ParsingUtils.h */,
				1C504ECC258210ED00008FAD /* version.h */,
				1C504ECD258210ED00008FAD /* XMLTools.h */,
				1C504ECE258210ED00008FAD /* StringComparison.h */,
				1C504ECF258210ED00008FAD /* matrix4x4.h */,
				1C504ED0258210ED00008FAD /* Importer.hpp */,
				1C504ED1258210ED00008FAD /* cfileio.h */,
				1C504ED2258210ED00008FAD /* GenericProperty.h */,
				1C504ED3258210ED00008FAD /* RemoveComments.h */,
				1C504ED4258210ED00008FAD /* vector2.h */,
				1C504ED5258210ED00008FAD /* config.h */,
				1C504ED6258210ED00008FAD /* light.h */,
				1C504ED7258210ED00008FAD /* types.h */,
				1C504ED8258210ED00008FAD /* irrXMLWrapper.h */,
				1C504ED9258210ED00008FAD /* MathFunctions.h */,
				1C504EDA258210ED00008FAD /* cimport.h */,
				1C504EDB258210ED00008FAD /* camera.h */,
				1C504EDC258210ED00008FAD /* matrix3x3.h */,
				1C504EDD258210ED00008FAD /* color4.inl */,
				1C504EDE258210ED00008FAD /* StringUtils.h */,
				1C504EDF258210ED00008FAD /* DefaultIOStream.h */,
				1C504EE0258210ED00008FAD /* BaseImporter.h */,
				1C504EE1258210ED00008FAD /* SceneCombiner.h */,
				1C504EE2258210ED00008FAD /* material.h */,
				1C504EE3258210ED00008FAD /* ai_assert.h */,
				1C504EE4258210ED00008FAD /* NullLogger.hpp */,
				1C504EE5258210ED00008FAD /* SmoothingGroups.h */,
				1C504EE6258210ED00008FAD /* quaternion.h */,
				1C504EE7258210ED00008FAD /* LogAux.h */,
				1C504EE8258210ED00008FAD /* DefaultLogger.hpp */,
				1C504EE9258210ED00008FAD /* material.inl */,
				1C504EEA258210ED00008FAD /* metadata.h */,
				1C504EEB258210ED00008FAD /* mesh.h */,
				1C504EEC258210ED00008FAD /* LineSplitter.h */,
				1C504EED258210ED00008FAD /* CreateAnimMesh.h */,
				1C504EEE258210ED00008FAD /* Defines.h */,
				1C504EEF258210ED00008FAD /* SpatialSort.h */,
				1C504EF0258210ED00008FAD /* MemoryIOWrapper.h */,
				1C504EF1258210ED00008FAD /* Exporter.hpp */,
				1C504EF2258210ED00008FAD /* vector2.inl */,
				1C504EF3258210ED00008FAD /* matrix4x4.inl */,
				1C504EF4258210ED00008FAD /* vector3.inl */,
				1C504EF5258210ED00008FAD /* Macros.h */,
				1C504EF6258210ED00008FAD /* ProgressHandler.hpp */,
				1C504EF7258210ED00008FAD /* cexport.h */,
				1C504EF8258210ED00008FAD /* StreamWriter.h */,
				1C504EF9258210EE00008FAD /* color4.h */,
				1C504EFA258210EE00008FAD /* StandardShapes.h */,
				1C504EFB258210EE00008FAD /* pbrmaterial.h */,
				1C504EFC258210EE00008FAD /* fast_atof.h */,
				1C504EFD258210EE00008FAD /* anim.h */,
				1C504EFE258210EE00008FAD /* postprocess.h */,
				1C504EFF258210EE00008FAD /* Exceptional.h */,
				1C504F00258210EE00008FAD /* texture.h */,
				1C504F01258210EE00008FAD /* ZipArchiveIOSystem.h */,
				1C504F02258210EE00008FAD /* BlobIOSystem.h */,
				1C504F03258210EE00008FAD /* matrix3x3.inl */,
				1C504F04258210EE00008FAD /* qnan.h */,
				1C504F05258210EE00008FAD /* Profiler.h */,
				1C504F06258210EE00008FAD /* Bitmap.h */,
				1C504F07258210EE00008FAD /* importerdesc.h */,
				1C504F08258210EE00008FAD /* TinyFormatter.h */,
				1C504F09258210EE00008FAD /* Compiler */,
				1C504F0D258210EE00008FAD /* IOStreamBuffer.h */,
				1C504F0E258210EE00008FAD /* Hash.h */,
				1C504F0F258210EE00008FAD /* SGSpatialSort.h */,
				1C504F10258210EE00008FAD /* aabb.h */,
				1C504F11258210EE00008FAD /* SmoothingGroups.inl */,
				1C504F12258210EE00008FAD /* vector3.h */,
				1C504F13258210EE00008FAD /* DefaultIOSystem.h */,
				1C504F14258210EE00008FAD /* scene.h */,
				1C504F15258210EE00008FAD /* LogStream.hpp */,
			);
			path = assimp;
			sourceTree = "<group>";
		};
		1C504F09258210EE00008FAD /* Compiler */ = {
			isa = PBXGroup;
			children = (
				1C504F0A258210EE00008FAD /* poppack1.h */,
				1C504F0B258210EE00008FAD /* pstdint.h */,
				1C504F0C258210EE00008FAD /* pushpack1.h */,
			);
			path = Compiler;
			sourceTree = "<group>";
		};
		1C504F1E2582159C00008FAD /* mesh */ = {
			isa = PBXGroup;
			children = (
				1C504F1F258215BE00008FAD /* Mesh.cpp */,
				1C504F20258215BE00008FAD /* Mesh.hpp */,
			);
			path = mesh;
			sourceTree = "<group>";
		};
		1C504F222582210A00008FAD /* model */ = {
			isa = PBXGroup;
			children = (
				1C504F232582212100008FAD /* Model.cpp */,
				1C504F242582212100008FAD /* Model.hpp */,
			);
			path = model;
			sourceTree = "<group>";
		};
		1C504F262582269400008FAD /* nanosuit */ = {
			isa = PBXGroup;
			children = (
				1C504F272582269400008FAD /* body_showroom_ddn.png */,
				1C504F282582269400008FAD /* helmet_showroom_ddn.png */,
				1C504F292582269400008FAD /* arm_showroom_ddn.png */,
				1C504F2A2582269400008FAD /* arm_showroom_spec.png */,
				1C504F2B2582269400008FAD /* leg_dif.png */,
				1C504F2C2582269400008FAD /* hand_showroom_spec.png */,
				1C504F2D2582269400008FAD /* glass_ddn.png */,
				1C504F2E2582269400008FAD /* nanosuit.mtl */,
				1C504F2F2582269400008FAD /* body_dif.png */,
				1C504F302582269400008FAD /* hand_showroom_ddn.png */,
				1C504F312582269400008FAD /* glass_dif.png */,
				1C504F322582269400008FAD /* arm_dif.png */,
				1C504F332582269400008FAD /* nanosuit.blend */,
				1C504F342582269400008FAD /* helmet_diff.png */,
				1C504F352582269400008FAD /* nanosuit.obj */,
				1C504F362582269400008FAD /* leg_showroom_ddn.png */,
				1C504F372582269400008FAD /* LICENSE.txt */,
				1C504F382582269400008FAD /* helmet_showroom_spec.png */,
				1C504F392582269400008FAD /* leg_showroom_spec.png */,
				1C504F3A2582269400008FAD /* body_showroom_spec.png */,
				1C504F3B2582269400008FAD /* hand_dif.png */,
			);
			path = nanosuit;
			sourceTree = "<group>";
		};
		1C504F3C2583458100008FAD /* diablo */ = {
			isa = PBXGroup;
			children = (
				1CE88EA925383DB0005CC41B /* diablo3_pose_diffuse.tga */,
				1C504F3D2583459B00008FAD /* diablo3_pose_glow.tga */,
				1CE88E5E2535D4AF005CC41B /* diablo3_pose.obj */,
				1C504F3F258345B200008FAD /* diablo3_pose_nm_tangent.tga */,
				1C504F3E258345B100008FAD /* diablo3_pose_nm.tga */,
				1C504F40258345B200008FAD /* diablo3_pose_spec.tga */,
			);
			path = diablo;
			sourceTree = "<group>";
		};
		1C68930F2595C3A00099D7F5 /* freetype */ = {
			isa = PBXGroup;
			children = (
				1C6893102595C3A00099D7F5 /* ftsnames.h */,
				1C6893112595C3A00099D7F5 /* ftwinfnt.h */,
				1C6893122595C3A00099D7F5 /* ftsizes.h */,
				1C6893132595C3A00099D7F5 /* fttypes.h */,
				1C6893142595C3A00099D7F5 /* ftparams.h */,
				1C6893152595C3A00099D7F5 /* ftmm.h */,
				1C6893162595C3A00099D7F5 /* config */,
				1C68931C2595C3A00099D7F5 /* ftcolor.h */,
				1C68931D2595C3A00099D7F5 /* ftmodapi.h */,
				1C68931E2595C3A00099D7F5 /* ftbzip2.h */,
				1C68931F2595C3A00099D7F5 /* fttrigon.h */,
				1C6893202595C3A00099D7F5 /* ftbbox.h */,
				1C6893212595C3A00099D7F5 /* ftgzip.h */,
				1C6893222595C3A00099D7F5 /* ftdriver.h */,
				1C6893232595C3A00099D7F5 /* ftoutln.h */,
				1C6893242595C3A00099D7F5 /* ftadvanc.h */,
				1C6893252595C3A00099D7F5 /* ftsynth.h */,
				1C6893262595C3A00099D7F5 /* fterrors.h */,
				1C6893272595C3A00099D7F5 /* ftgasp.h */,
				1C6893282595C3A00099D7F5 /* ftstroke.h */,
				1C6893292595C3A00099D7F5 /* ftcache.h */,
				1C68932A2595C3A00099D7F5 /* ftotval.h */,
				1C68932B2595C3A00099D7F5 /* freetype.h */,
				1C68932C2595C3A00099D7F5 /* ftincrem.h */,
				1C68932D2595C3A00099D7F5 /* ftfntfmt.h */,
				1C68932E2595C3A00099D7F5 /* fterrdef.h */,
				1C68932F2595C3A00099D7F5 /* ttnameid.h */,
				1C6893302595C3A00099D7F5 /* ftpfr.h */,
				1C6893312595C3A00099D7F5 /* ftgxval.h */,
				1C6893322595C3A00099D7F5 /* ftchapters.h */,
				1C6893332595C3A00099D7F5 /* tttags.h */,
				1C6893342595C3A00099D7F5 /* ftlzw.h */,
				1C6893352595C3A00099D7F5 /* ftsystem.h */,
				1C6893362595C3A00099D7F5 /* t1tables.h */,
				1C6893372595C3A00099D7F5 /* ftimage.h */,
				1C6893382595C3A10099D7F5 /* tttables.h */,
				1C6893392595C3A10099D7F5 /* ftcid.h */,
				1C68933A2595C3A10099D7F5 /* ftglyph.h */,
				1C68933B2595C3A10099D7F5 /* ftmoderr.h */,
				1C68933C2595C3A10099D7F5 /* ftbitmap.h */,
				1C68933D2595C3A10099D7F5 /* ftlist.h */,
				1C68933E2595C3A10099D7F5 /* ftmac.h */,
				1C68933F2595C3A10099D7F5 /* ftlcdfil.h */,
				1C6893402595C3A10099D7F5 /* ftbdf.h */,
				1C6893412595C3A10099D7F5 /* ftrender.h */,
			);
			path = freetype;
			sourceTree = "<group>";
		};
		1C6893162595C3A00099D7F5 /* config */ = {
			isa = PBXGroup;
			children = (
				1C6893172595C3A00099D7F5 /* ftstdlib.h */,
				1C6893182595C3A00099D7F5 /* ftheader.h */,
				1C6893192595C3A00099D7F5 /* ftconfig.h */,
				1C68931A2595C3A00099D7F5 /* ftoption.h */,
				1C68931B2595C3A00099D7F5 /* ftmodule.h */,
			);
			path = config;
			sourceTree = "<group>";
		};
		1C6893472595C5370099D7F5 /* label */ = {
			isa = PBXGroup;
			children = (
				1C6893482595C5600099D7F5 /* Label.cpp */,
				1C6893492595C5600099D7F5 /* Label.hpp */,
			);
			path = label;
			sourceTree = "<group>";
		};
		1C8F446B2588DD9800381DB1 /* skyBox */ = {
			isa = PBXGroup;
			children = (
				1C8F44702588DDAB00381DB1 /* back.jpg */,
				1C8F446E2588DDAB00381DB1 /* bottom.jpg */,
				1C8F446F2588DDAB00381DB1 /* front.jpg */,
				1C8F44712588DDAC00381DB1 /* left.jpg */,
				1C8F446C2588DDAB00381DB1 /* right.jpg */,
				1C8F446D2588DDAB00381DB1 /* top.jpg */,
			);
			path = skyBox;
			sourceTree = "<group>";
		};
		1CE88E352534449E005CC41B /* Frameworks */ = {
			isa = PBXGroup;
			children = (
				1CE88E362534449E005CC41B /* libglfw.3.dylib */,
			);
			name = Frameworks;
			sourceTree = "<group>";
		};
		1CE88E3E25344647005CC41B /* include */ = {
			isa = PBXGroup;
			children = (
				1C6893472595C5370099D7F5 /* label */,
				1C6893422595C3A10099D7F5 /* ft2build.h */,
				1C68930F2595C3A00099D7F5 /* freetype */,
				1C504F222582210A00008FAD /* model */,
				1C504F1E2582159C00008FAD /* mesh */,
				1C504EC0258210ED00008FAD /* assimp */,
				1CE88E9A2537F651005CC41B /* shader */,
				1CE88E57253473AC005CC41B /* src */,
				1CE88E532534739F005CC41B /* glad */,
				1CE88E552534739F005CC41B /* KHR */,
				1CE88E3F25344647005CC41B /* GLFW */,
			);
			path = include;
			sourceTree = "<group>";
		};
		1CE88E3F25344647005CC41B /* GLFW */ = {
			isa = PBXGroup;
			children = (
				1CE88E4025344647005CC41B /* glfw3.h */,
				1CE88E4125344647005CC41B /* glfw3native.h */,
			);
			path = GLFW;
			sourceTree = "<group>";
		};
		1CE88E4225344647005CC41B /* lib-macos */ = {
			isa = PBXGroup;
			children = (
				1C504F172582118D00008FAD /* libassimp.5.0.0.dylib */,
				1C504F162582118D00008FAD /* libassimp.5.dylib */,
				1C504F182582118D00008FAD /* libassimp.dylib */,
				1C6893432595C3C60099D7F5 /* libfreetype.6.dylib */,
				1C504F192582118D00008FAD /* libIrrXML.dylib */,
				1CE88E4325344647005CC41B /* libglfw3.a */,
				1CE88E4425344647005CC41B /* libglfw.3.dylib */,
			);
			path = "lib-macos";
			sourceTree = "<group>";
		};
		1CE88E532534739F005CC41B /* glad */ = {
			isa = PBXGroup;
			children = (
				1CE88E542534739F005CC41B /* glad.h */,
			);
			path = glad;
			sourceTree = "<group>";
		};
		1CE88E552534739F005CC41B /* KHR */ = {
			isa = PBXGroup;
			children = (
				1CE88E562534739F005CC41B /* khrplatform.h */,
			);
			path = KHR;
			sourceTree = "<group>";
		};
		1CE88E57253473AC005CC41B /* src */ = {
			isa = PBXGroup;
			children = (
				1CE88E58253473AC005CC41B /* glad.c */,
			);
			path = src;
			sourceTree = "<group>";
		};
		1CE88E5D2535D49E005CC41B /* Resource */ = {
			isa = PBXGroup;
			children = (
				1C6893502595D57F0099D7F5 /* arial.ttf */,
				1C8F446B2588DD9800381DB1 /* skyBox */,
				1C504F3C2583458100008FAD /* diablo */,
				1C504F262582269400008FAD /* nanosuit */,
				1CA21E45257E50390054250D /* qiyana.jpeg */,
				1CE88EB425385357005CC41B /* meinumo.obj */,
				1CE88EB3253851E1005CC41B /* sakura.obj */,
				1C68930925958AEA0099D7F5 /* floor.jpg */,
				1CE88EA825382A87005CC41B /* grid.tga */,
			);
			path = Resource;
			sourceTree = "<group>";
		};
		1CE88E9A2537F651005CC41B /* shader */ = {
			isa = PBXGroup;
			children = (
				1CE88E9C25381D76005CC41B /* shader.hpp */,
			);
			path = shader;
			sourceTree = "<group>";
		};
		1CE88EA025381EAF005CC41B /* shader */ = {
			isa = PBXGroup;
			children = (
				1CF9A9BD258A04DA00705920 /* normalShow.frag */,
				1CF9A9BF258A04DA00705920 /* normalShow.gs */,
				1CF9A9BE258A04DA00705920 /* normalShow.vert */,
				1C68930B25958C330099D7F5 /* planeShader.vert */,
				1C68934D2595CCA30099D7F5 /* label.frag */,
				1C68934E2595CCA30099D7F5 /* label.vert */,
				1C68930C25958C340099D7F5 /* planeShader.frag */,
				1C8465A5258767B500563539 /* window.frag */,
				1C8465A4258767B500563539 /* window.vert */,
				1CA21E46257F27030054250D /* light.frag */,
				1CA21E47257F27030054250D /* light.vert */,
				1CE88EA225381EAF005CC41B /* test.vert */,
				1CE88EA125381EAF005CC41B /* test.frag */,
			);
			path = shader;
			sourceTree = "<group>";
		};
		1CE88EA325382775005CC41B /* stbImg */ = {
			isa = PBXGroup;
			children = (
				1CE88EA425382793005CC41B /* stb_image.h */,
				1CE88EA5253827B4005CC41B /* stb_image.cpp */,
			);
			path = stbImg;
			sourceTree = "<group>";
		};
/* End PBXGroup section */

/* Begin PBXNativeTarget section */
		1C4B665F2532B10F0081F06C /* dodos */ = {
			isa = PBXNativeTarget;
			buildConfigurationList = 1C4B66652532B10F0081F06C /* Build configuration list for PBXNativeTarget "dodos" */;
			buildPhases = (
				1C4B665C2532B10F0081F06C /* Sources */,
				1C4B665D2532B10F0081F06C /* Frameworks */,
				1C4B665E2532B10F0081F06C /* CopyFiles */,
			);
			buildRules = (
			);
			dependencies = (
			);
			name = dodos;
			productName = dodos;
			productReference = 1C4B66602532B10F0081F06C /* dodos */;
			productType = "com.apple.product-type.tool";
		};
/* End PBXNativeTarget section */

/* Begin PBXProject section */
		1C4B66562532B0710081F06C /* Project object */ = {
			isa = PBXProject;
			attributes = {
				LastUpgradeCheck = 1120;
				TargetAttributes = {
					1C4B665F2532B10F0081F06C = {
						CreatedOnToolsVersion = 11.2.1;
					};
				};
			};
			buildConfigurationList = 1C4B66592532B0710081F06C /* Build configuration list for PBXProject "dodos" */;
			compatibilityVersion = "Xcode 10.0";
			developmentRegion = en;
			hasScannedForEncodings = 0;
			knownRegions = (
				en,
				Base,
			);
			mainGroup = 1C4B66552532B0710081F06C;
			productRefGroup = 1C4B66612532B10F0081F06C /* Products */;
			projectDirPath = "";
			projectRoot = "";
			targets = (
				1C4B665F2532B10F0081F06C /* dodos */,
			);
		};
/* End PBXProject section */

/* Begin PBXSourcesBuildPhase section */
		1C4B665C2532B10F0081F06C /* Sources */ = {
			isa = PBXSourcesBuildPhase;
			buildActionMask = 2147483647;
			files = (
				1C68934A2595C5600099D7F5 /* Label.cpp in Sources */,
				1C504F252582212100008FAD /* Model.cpp in Sources */,
				1C4B66642532B10F0081F06C /* main.cpp in Sources */,
				1CE88E59253473AC005CC41B /* glad.c in Sources */,
				1CE88EA7253827B4005CC41B /* stb_image.cpp in Sources */,
				1C504F21258215BE00008FAD /* Mesh.cpp in Sources */,
			);
			runOnlyForDeploymentPostprocessing = 0;
		};
/* End PBXSourcesBuildPhase section */

/* Begin XCBuildConfiguration section */
		1C4B665A2532B0710081F06C /* Debug */ = {
			isa = XCBuildConfiguration;
			buildSettings = {
			};
			name = Debug;
		};
		1C4B665B2532B0710081F06C /* Release */ = {
			isa = XCBuildConfiguration;
			buildSettings = {
			};
			name = Release;
		};
		1C4B66662532B10F0081F06C /* Debug */ = {
			isa = XCBuildConfiguration;
			buildSettings = {
				ALWAYS_SEARCH_USER_PATHS = YES;
				CLANG_ANALYZER_NONNULL = YES;
				CLANG_ANALYZER_NUMBER_OBJECT_CONVERSION = YES_AGGRESSIVE;
				CLANG_CXX_LANGUAGE_STANDARD = "gnu++14";
				CLANG_CXX_LIBRARY = "libc++";
				CLANG_ENABLE_MODULES = YES;
				CLANG_ENABLE_OBJC_ARC = YES;
				CLANG_ENABLE_OBJC_WEAK = YES;
				CLANG_WARN_BLOCK_CAPTURE_AUTORELEASING = YES;
				CLANG_WARN_BOOL_CONVERSION = YES;
				CLANG_WARN_COMMA = YES;
				CLANG_WARN_CONSTANT_CONVERSION = YES;
				CLANG_WARN_DEPRECATED_OBJC_IMPLEMENTATIONS = YES;
				CLANG_WARN_DIRECT_OBJC_ISA_USAGE = YES_ERROR;
				CLANG_WARN_DOCUMENTATION_COMMENTS = YES;
				CLANG_WARN_EMPTY_BODY = YES;
				CLANG_WARN_ENUM_CONVERSION = YES;
				CLANG_WARN_INFINITE_RECURSION = YES;
				CLANG_WARN_INT_CONVERSION = YES;
				CLANG_WARN_NON_LITERAL_NULL_CONVERSION = YES;
				CLANG_WARN_OBJC_IMPLICIT_RETAIN_SELF = YES;
				CLANG_WARN_OBJC_LITERAL_CONVERSION = YES;
				CLANG_WARN_OBJC_ROOT_CLASS = YES_ERROR;
				CLANG_WARN_RANGE_LOOP_ANALYSIS = YES;
				CLANG_WARN_STRICT_PROTOTYPES = YES;
				CLANG_WARN_SUSPICIOUS_MOVE = YES;
				CLANG_WARN_UNGUARDED_AVAILABILITY = YES_AGGRESSIVE;
				CLANG_WARN_UNREACHABLE_CODE = YES;
				CLANG_WARN__DUPLICATE_METHOD_MATCH = YES;
				CODE_SIGN_STYLE = Automatic;
				COPY_PHASE_STRIP = NO;
				DEBUG_INFORMATION_FORMAT = dwarf;
				ENABLE_STRICT_OBJC_MSGSEND = YES;
				ENABLE_TESTABILITY = YES;
				FRAMEWORK_SEARCH_PATHS = "/Users/matengli/Desktop/matengli/gameMaker/dodos/dodos/lib-macos/**";
				GCC_C_LANGUAGE_STANDARD = gnu11;
				GCC_DYNAMIC_NO_PIC = NO;
				GCC_NO_COMMON_BLOCKS = YES;
				GCC_OPTIMIZATION_LEVEL = 0;
				GCC_PREPROCESSOR_DEFINITIONS = (
					"DEBUG=1",
					"$(inherited)",
				);
				GCC_WARN_64_TO_32_BIT_CONVERSION = YES;
				GCC_WARN_ABOUT_RETURN_TYPE = YES_ERROR;
				GCC_WARN_UNDECLARED_SELECTOR = YES;
				GCC_WARN_UNINITIALIZED_AUTOS = YES_AGGRESSIVE;
				GCC_WARN_UNUSED_FUNCTION = YES;
				GCC_WARN_UNUSED_VARIABLE = YES;
				HEADER_SEARCH_PATHS = (
					/Users/matengli/Desktop/matengli/gameMaker/dodos/dodos/include,
					/usr/local/Cellar/glm/0.9.9.5/include,
				);
				LD_RUNPATH_SEARCH_PATHS = "/Users/matengli/Desktop/matengli/gameMaker/dodos/dodos/lib-macos";
				LIBRARY_SEARCH_PATHS = (
					"/Users/matengli/Desktop/matengli/gameMaker/dodos/dodos/lib-macos/**",
					"$(PROJECT_DIR)/dodos/lib-macos",
				);
				MACOSX_DEPLOYMENT_TARGET = 10.15;
				MTL_ENABLE_DEBUG_INFO = INCLUDE_SOURCE;
				MTL_FAST_MATH = YES;
				ONLY_ACTIVE_ARCH = YES;
				PRODUCT_NAME = "$(TARGET_NAME)";
				SDKROOT = macosx;
			};
			name = Debug;
		};
		1C4B66672532B10F0081F06C /* Release */ = {
			isa = XCBuildConfiguration;
			buildSettings = {
				ALWAYS_SEARCH_USER_PATHS = YES;
				CLANG_ANALYZER_NONNULL = YES;
				CLANG_ANALYZER_NUMBER_OBJECT_CONVERSION = YES_AGGRESSIVE;
				CLANG_CXX_LANGUAGE_STANDARD = "gnu++14";
				CLANG_CXX_LIBRARY = "libc++";
				CLANG_ENABLE_MODULES = YES;
				CLANG_ENABLE_OBJC_ARC = YES;
				CLANG_ENABLE_OBJC_WEAK = YES;
				CLANG_WARN_BLOCK_CAPTURE_AUTORELEASING = YES;
				CLANG_WARN_BOOL_CONVERSION = YES;
				CLANG_WARN_COMMA = YES;
				CLANG_WARN_CONSTANT_CONVERSION = YES;
				CLANG_WARN_DEPRECATED_OBJC_IMPLEMENTATIONS = YES;
				CLANG_WARN_DIRECT_OBJC_ISA_USAGE = YES_ERROR;
				CLANG_WARN_DOCUMENTATION_COMMENTS = YES;
				CLANG_WARN_EMPTY_BODY = YES;
				CLANG_WARN_ENUM_CONVERSION = YES;
				CLANG_WARN_INFINITE_RECURSION = YES;
				CLANG_WARN_INT_CONVERSION = YES;
				CLANG_WARN_NON_LITERAL_NULL_CONVERSION = YES;
				CLANG_WARN_OBJC_IMPLICIT_RETAIN_SELF = YES;
				CLANG_WARN_OBJC_LITERAL_CONVERSION = YES;
				CLANG_WARN_OBJC_ROOT_CLASS = YES_ERROR;
				CLANG_WARN_RANGE_LOOP_ANALYSIS = YES;
				CLANG_WARN_STRICT_PROTOTYPES = YES;
				CLANG_WARN_SUSPICIOUS_MOVE = YES;
				CLANG_WARN_UNGUARDED_AVAILABILITY = YES_AGGRESSIVE;
				CLANG_WARN_UNREACHABLE_CODE = YES;
				CLANG_WARN__DUPLICATE_METHOD_MATCH = YES;
				CODE_SIGN_STYLE = Automatic;
				COPY_PHASE_STRIP = NO;
				DEBUG_INFORMATION_FORMAT = "dwarf-with-dsym";
				ENABLE_NS_ASSERTIONS = NO;
				ENABLE_STRICT_OBJC_MSGSEND = YES;
				FRAMEWORK_SEARCH_PATHS = "/Users/matengli/Desktop/matengli/gameMaker/dodos/dodos/lib-macos/**";
				GCC_C_LANGUAGE_STANDARD = gnu11;
				GCC_NO_COMMON_BLOCKS = YES;
				GCC_WARN_64_TO_32_BIT_CONVERSION = YES;
				GCC_WARN_ABOUT_RETURN_TYPE = YES_ERROR;
				GCC_WARN_UNDECLARED_SELECTOR = YES;
				GCC_WARN_UNINITIALIZED_AUTOS = YES_AGGRESSIVE;
				GCC_WARN_UNUSED_FUNCTION = YES;
				GCC_WARN_UNUSED_VARIABLE = YES;
				HEADER_SEARCH_PATHS = (
					/Users/matengli/Desktop/matengli/gameMaker/dodos/dodos/include,
					/usr/local/Cellar/glm/0.9.9.5/include,
				);
				LD_RUNPATH_SEARCH_PATHS = "/Users/matengli/Desktop/matengli/gameMaker/dodos/dodos/lib-macos";
				LIBRARY_SEARCH_PATHS = (
					"/Users/matengli/Desktop/matengli/gameMaker/dodos/dodos/lib-macos/**",
					"$(PROJECT_DIR)/dodos/lib-macos",
				);
				MACOSX_DEPLOYMENT_TARGET = 10.15;
				MTL_ENABLE_DEBUG_INFO = NO;
				MTL_FAST_MATH = YES;
				PRODUCT_NAME = "$(TARGET_NAME)";
				SDKROOT = macosx;
			};
			name = Release;
		};
/* End XCBuildConfiguration section */

/* Begin XCConfigurationList section */
		1C4B66592532B0710081F06C /* Build configuration list for PBXProject "dodos" */ = {
			isa = XCConfigurationList;
			buildConfigurations = (
				1C4B665A2532B0710081F06C /* Debug */,
				1C4B665B2532B0710081F06C /* Release */,
			);
			defaultConfigurationIsVisible = 0;
			defaultConfigurationName = Release;
		};
		1C4B66652532B10F0081F06C /* Build configuration list for PBXNativeTarget "dodos" */ = {
			isa = XCConfigurationList;
			buildConfigurations = (
				1C4B66662532B10F0081F06C /* Debug */,
				1C4B66672532B10F0081F06C /* Release */,
			);
			defaultConfigurationIsVisible = 0;
			defaultConfigurationName = Release;
		};
/* End XCConfigurationList section */
	};
	rootObject = 1C4B66562532B0710081F06C /* Project object */;
}
